
Microsoft Visual Studio Solution File, Format Version 12.00
# Visual Studio 15
Project("{FAE04EC0-301F-11D3-BF4B-00C04F79EFBC}") = "Meryel.CodeAssist.Editor", "Meryel.CodeAssist.Editor.csproj", "{8F9695A3-E013-1EF6-C6C7-0D9D2BE034D6}"
EndProject
Project("{FAE04EC0-301F-11D3-BF4B-00C04F79EFBC}") = "Assembly-CSharp", "Assembly-CSharp.csproj", "{7E0DB7ED-21C5-D75F-86EE-8035FCFD03BF}"
EndProject
Global
	GlobalSection(SolutionConfigurationPlatforms) = preSolution
		Debug|Any CPU = Debug|Any CPU
		Release|Any CPU = Release|Any CPU
	EndGlobalSection
	GlobalSection(ProjectConfigurationPlatforms) = postSolution
		{8F9695A3-E013-1EF6-C6C7-0D9D2BE034D6}.Debug|Any CPU.ActiveCfg = Debug|Any CPU
		{8F9695A3-E013-1EF6-C6C7-0D9D2BE034D6}.Debug|Any CPU.Build.0 = Debug|Any CPU
		{8F9695A3-E013-1EF6-C6C7-0D9D2BE034D6}.Release|Any CPU.ActiveCfg = Release|Any CPU
		{8F9695A3-E013-1EF6-C6C7-0D9D2BE034D6}.Release|Any CPU.Build.0 = Release|Any CPU
		{7E0DB7ED-21C5-D75F-86EE-8035FCFD03BF}.Debug|Any CPU.ActiveCfg = Debug|Any CPU
		{7E0DB7ED-21C5-D75F-86EE-8035FCFD03BF}.Debug|Any CPU.Build.0 = Debug|Any CPU
		{7E0DB7ED-21C5-D75F-86EE-8035FCFD03BF}.Release|Any CPU.ActiveCfg = Release|Any CPU
		{7E0DB7ED-21C5-D75F-86EE-8035FCFD03BF}.Release|Any CPU.Build.0 = Release|Any CPU
	EndGlobalSection
	GlobalSection(SolutionProperties) = preSolution
		HideSolutionNode = FALSE
	EndGlobalSection
EndGlobal
